
Microsoft Visual Studio Solution File, Format Version 12.00
# Visual Studio Version 17
VisualStudioVersion = 17.3.32922.545
MinimumVisualStudioVersion = 10.0.40219.1
Project("{FAE04EC0-301F-11D3-BF4B-00C04F79EFBC}") = "PPTime", "PPTime.csproj", "{6889989D-4AEF-4BDB-A725-F732DE7BF414}"
EndProject
Global
	GlobalSection(SolutionConfigurationPlatforms) = preSolution
		Debug|Any CPU = Debug|Any CPU
		Release|Any CPU = Release|Any CPU
	EndGlobalSection
	GlobalSection(ProjectConfigurationPlatforms) = postSolution
		{6889989D-4AEF-4BDB-A725-F732DE7BF414}.Debug|Any CPU.ActiveCfg = Debug|Any CPU
		{6889989D-4AEF-4BDB-A725-F732DE7BF414}.Debug|Any CPU.Build.0 = Debug|Any CPU
		{6889989D-4AEF-4BDB-A725-F732DE7BF414}.Release|Any CPU.ActiveCfg = Release|Any CPU
		{6889989D-4AEF-4BDB-A725-F732DE7BF414}.Release|Any CPU.Build.0 = Release|Any CPU
	EndGlobalSection
	GlobalSection(SolutionProperties) = preSolution
		HideSolutionNode = FALSE
	EndGlobalSection
	GlobalSection(ExtensibilityGlobals) = postSolution
		SolutionGuid = {8E658A17-6551-42BF-9E52-CDCBF7D109ED}
	EndGlobalSection
EndGlobal
